#
# This file is autogenerated by pip-compile with Python 3.12
# by the following command:
#
#    pip-compile --allow-unsafe --generate-hashes --output-file=requirements-pyright.lock requirements.in
#
# Source `requirements.in` for this lock is just one line:
#    pyright==1.1.409
#
# Why this file exists: Scorecard's Pinned-Dependencies check flags any
# `pip install <pkg>` that doesn't use `--require-hashes -r <file>` or include
# an inline hash. The CI lint job needs pyright but it's installed separately
# from `requirements.lock` (different Python target — CI uses 3.12, runtime
# uses 3.14 — so they can't share a lock). This file is the hash-pinned
# install for that step so it satisfies Scorecard.
#
# Regenerate with the same command above, using Python 3.12 to match the
# `actions/setup-python` version in `.github/workflows/ci.yml`.
#
nodeenv==1.10.0 \
    --hash=sha256:5bb13e3eed2923615535339b3c620e76779af4cb4c6a90deccc9e36b274d3827 \
    --hash=sha256:996c191ad80897d076bdfba80a41994c2b47c68e224c542b48feba42ba00f8bb
    # via pyright
pyright==1.1.409 \
    --hash=sha256:986ee05beca9e077c165758ad123667c679e050059a2546aa02473930394bc93 \
    --hash=sha256:aa3ea228cab90c845c7a60d28db7a844c04315356392aa09fafcee98c8c22fb3
    # via -r requirements.in
typing-extensions==4.15.0 \
    --hash=sha256:0cea48d173cc12fa28ecabc3b837ea3cf6f38c6d1136f85cbaaf598984861466 \
    --hash=sha256:f0fa19c6845758ab08074a0cfa8b7aecb71c999ca73d62883bc25cc018c4e548
    # via pyright
