#
# This file is autogenerated by pip-compile with Python 3.14
# by the following command:
#
#    pip-compile --allow-unsafe --generate-hashes --output-file=requirements-piptools.lock requirements.in
#
# Source `requirements.in` for this lock is just one line:
#    pip-tools==7.5.3
#
# Why this file exists: Scorecard's Pinned-Dependencies check flags any
# `pip install <pkg>` that doesn't use `--require-hashes -r <file>` or include
# an inline hash. The dependabot-lockfile-regen workflow needs pip-tools
# bootstrapped inside an ephemeral python:3.14-slim container so it can run
# `pip-compile` to regenerate `requirements.lock`. This file is the hash-pinned
# bootstrap so that install satisfies Scorecard.
#
# Regenerate with the same command shown above, run inside python:3.14-slim
# (the Python minor must match `api/Dockerfile`'s FROM line so transitive
# hash sets resolve identically).
#
build==1.4.4 \
    --hash=sha256:8c3f48a6090b39edec1a273d2d57949aaf13723b01e02f9d518396887519f64d \
    --hash=sha256:f832ae053061f3fb524af812dc94b8b84bac6880cd587630e3b5d91a6a9c1703
    # via pip-tools
click==8.3.3 \
    --hash=sha256:398329ad4837b2ff7cbe1dd166a4c0f8900c3ca3a218de04466f38f6497f18a2 \
    --hash=sha256:a2bf429bb3033c89fa4936ffb35d5cb471e3719e1f3c8a7c3fff0b8314305613
    # via pip-tools
packaging==26.2 \
    --hash=sha256:5fc45236b9446107ff2415ce77c807cee2862cb6fac22b8a73826d0693b0980e \
    --hash=sha256:ff452ff5a3e828ce110190feff1178bb1f2ea2281fa2075aadb987c2fb221661
    # via
    #   build
    #   wheel
pip-tools==7.5.3 \
    --hash=sha256:3aac0c473240ae90db7213c033401f345b05197293ccbdd2704e52e7a783785e \
    --hash=sha256:8fa364779ebc010cbfe17cb9de404457ac733e100840423f28f6955de7742d41
    # via -r requirements.in
pyproject-hooks==1.2.0 \
    --hash=sha256:1e859bd5c40fae9448642dd871adf459e5e2084186e8d2c2a79a824c970da1f8 \
    --hash=sha256:9e5c6bfa8dcc30091c74b0cf803c81fdd29d94f01992a7707bc97babb1141913
    # via
    #   build
    #   pip-tools
wheel==0.47.0 \
    --hash=sha256:212281cab4dff978f6cedd499cd893e1f620791ca6ff7107cf270781e587eced \
    --hash=sha256:cc72bd1009ba0cf63922e28f94d9d83b920aa2bb28f798a31d0691b02fa3c9b3
    # via pip-tools

# The following packages are considered to be unsafe in a requirements file:
pip==26.1 \
    --hash=sha256:4e8486d821d814b77319acb7b9e8bf5a4ee7590a643e7cb21029f209be8573c1 \
    --hash=sha256:81e13ebcca3ffa8cc85e4deff5c27e1ee26dea0aa7fc2f294a073ac208806ff3
    # via pip-tools
setuptools==82.0.1 \
    --hash=sha256:7d872682c5d01cfde07da7bccc7b65469d3dca203318515ada1de5eda35efbf9 \
    --hash=sha256:a59e362652f08dcd477c78bb6e7bd9d80a7995bc73ce773050228a348ce2e5bb
    # via pip-tools
